
Microsoft Visual Studio Solution File, Format Version 12.00
# Visual Studio Version 16
VisualStudioVersion = 16.0.31515.178
MinimumVisualStudioVersion = 10.0.40219.1
Project("{9A19103F-16F7-4668-BE54-9A1E7A4F7556}") = "MISA.AMIS.Core", "MISA_CukCuk_Business\MISA.AMIS.Core.csproj", "{C9654189-377A-4FE1-A000-C8D58440B6D1}"
EndProject
Project("{9A19103F-16F7-4668-BE54-9A1E7A4F7556}") = "MISA.AMIS.Repository", "MISA.CukCuk.DataAccess\MISA.AMIS.Repository.csproj", "{67D714CA-B6B8-4699-B2CE-4A71C92C17AF}"
EndProject
Project("{9A19103F-16F7-4668-BE54-9A1E7A4F7556}") = "MISA.AMIS.Api", "MISA.CukCuk.Api\MISA.AMIS.Api.csproj", "{45110F95-54A5-4F1F-AA25-6AA5E3F50646}"
EndProject
Global
	GlobalSection(SolutionConfigurationPlatforms) = preSolution
		Debug|Any CPU = Debug|Any CPU
		Release|Any CPU = Release|Any CPU
	EndGlobalSection
	GlobalSection(ProjectConfigurationPlatforms) = postSolution
		{C9654189-377A-4FE1-A000-C8D58440B6D1}.Debug|Any CPU.ActiveCfg = Debug|Any CPU
		{C9654189-377A-4FE1-A000-C8D58440B6D1}.Debug|Any CPU.Build.0 = Debug|Any CPU
		{C9654189-377A-4FE1-A000-C8D58440B6D1}.Release|Any CPU.ActiveCfg = Release|Any CPU
		{C9654189-377A-4FE1-A000-C8D58440B6D1}.Release|Any CPU.Build.0 = Release|Any CPU
		{67D714CA-B6B8-4699-B2CE-4A71C92C17AF}.Debug|Any CPU.ActiveCfg = Debug|Any CPU
		{67D714CA-B6B8-4699-B2CE-4A71C92C17AF}.Debug|Any CPU.Build.0 = Debug|Any CPU
		{67D714CA-B6B8-4699-B2CE-4A71C92C17AF}.Release|Any CPU.ActiveCfg = Release|Any CPU
		{67D714CA-B6B8-4699-B2CE-4A71C92C17AF}.Release|Any CPU.Build.0 = Release|Any CPU
		{45110F95-54A5-4F1F-AA25-6AA5E3F50646}.Debug|Any CPU.ActiveCfg = Debug|Any CPU
		{45110F95-54A5-4F1F-AA25-6AA5E3F50646}.Debug|Any CPU.Build.0 = Debug|Any CPU
		{45110F95-54A5-4F1F-AA25-6AA5E3F50646}.Release|Any CPU.ActiveCfg = Release|Any CPU
		{45110F95-54A5-4F1F-AA25-6AA5E3F50646}.Release|Any CPU.Build.0 = Release|Any CPU
	EndGlobalSection
	GlobalSection(SolutionProperties) = preSolution
		HideSolutionNode = FALSE
	EndGlobalSection
	GlobalSection(ExtensibilityGlobals) = postSolution
		SolutionGuid = {2365AA28-A639-450F-91F4-17931C660E98}
	EndGlobalSection
EndGlobal
